
Microsoft Visual Studio Solution File, Format Version 12.00
# Visual Studio Version 17
VisualStudioVersion = 17.8.34330.188
MinimumVisualStudioVersion = 10.0.40219.1
Project("{FAE04EC0-301F-11D3-BF4B-00C04F79EFBC}") = "RunGroupWebApp", "RunGroupWebApp\RunGroupWebApp.csproj", "{15FF618D-152B-498B-AC51-A1929C4DA77D}"
EndProject
Global
	GlobalSection(SolutionConfigurationPlatforms) = preSolution
		Debug|Any CPU = Debug|Any CPU
		Release|Any CPU = Release|Any CPU
	EndGlobalSection
	GlobalSection(ProjectConfigurationPlatforms) = postSolution
		{15FF618D-152B-498B-AC51-A1929C4DA77D}.Debug|Any CPU.ActiveCfg = Debug|Any CPU
		{15FF618D-152B-498B-AC51-A1929C4DA77D}.Debug|Any CPU.Build.0 = Debug|Any CPU
		{15FF618D-152B-498B-AC51-A1929C4DA77D}.Release|Any CPU.ActiveCfg = Release|Any CPU
		{15FF618D-152B-498B-AC51-A1929C4DA77D}.Release|Any CPU.Build.0 = Release|Any CPU
	EndGlobalSection
	GlobalSection(SolutionProperties) = preSolution
		HideSolutionNode = FALSE
	EndGlobalSection
	GlobalSection(ExtensibilityGlobals) = postSolution
		SolutionGuid = {922C6983-B686-4EBD-8312-7616B0DFFF2A}
	EndGlobalSection
EndGlobal
